
Microsoft Visual Studio Solution File, Format Version 12.00
# Visual Studio Version 17
VisualStudioVersion = 17.10.35013.160
MinimumVisualStudioVersion = 10.0.40219.1
Project("{FAE04EC0-301F-11D3-BF4B-00C04F79EFBC}") = "IT4ProcessSimulator", "IT4ProcessSimulator\IT4ProcessSimulator.csproj", "{66625914-EA2C-4CFC-885E-DEA4BEF445C6}"
EndProject
Global
	GlobalSection(SolutionConfigurationPlatforms) = preSolution
		Debug|Any CPU = Debug|Any CPU
		Release|Any CPU = Release|Any CPU
	EndGlobalSection
	GlobalSection(ProjectConfigurationPlatforms) = postSolution
		{66625914-EA2C-4CFC-885E-DEA4BEF445C6}.Debug|Any CPU.ActiveCfg = Debug|Any CPU
		{66625914-EA2C-4CFC-885E-DEA4BEF445C6}.Debug|Any CPU.Build.0 = Debug|Any CPU
		{66625914-EA2C-4CFC-885E-DEA4BEF445C6}.Release|Any CPU.ActiveCfg = Release|Any CPU
		{66625914-EA2C-4CFC-885E-DEA4BEF445C6}.Release|Any CPU.Build.0 = Release|Any CPU
	EndGlobalSection
	GlobalSection(SolutionProperties) = preSolution
		HideSolutionNode = FALSE
	EndGlobalSection
	GlobalSection(ExtensibilityGlobals) = postSolution
		SolutionGuid = {A3E256DE-2500-4D26-BD7C-7FBF7FDBE7E1}
	EndGlobalSection
EndGlobal
